
Microsoft Visual Studio Solution File, Format Version 12.00
# Visual Studio Version 17
VisualStudioVersion = 17.0.31903.59
MinimumVisualStudioVersion = 10.0.40219.1
Project("{2150E333-8FDC-42A3-9474-1A3956D46DE8}") = "src", "src", "{1A2B3C4D-5E6F-7A8B-9C0D-1E2F3A4B5C6D}"
EndProject
Project("{2150E333-8FDC-42A3-9474-1A3956D46DE8}") = "tests", "tests", "{2B3C4D5E-6F7A-8B9C-0D1E-2F3A4B5C6D7E}"
EndProject
Project("{FAE04EC0-301F-11D3-BF4B-00C04F79EFBC}") = "ServicesChecker.Domain", "src\ServicesChecker.Domain\ServicesChecker.Domain.csproj", "{3C4D5E6F-7A8B-9C0D-1E2F-3A4B5C6D7E8F}"
EndProject
Project("{FAE04EC0-301F-11D3-BF4B-00C04F79EFBC}") = "ServicesChecker.Application", "src\ServicesChecker.Application\ServicesChecker.Application.csproj", "{4D5E6F7A-8B9C-0D1E-2F3A-4B5C6D7E8F9A}"
EndProject
Project("{FAE04EC0-301F-11D3-BF4B-00C04F79EFBC}") = "ServicesChecker.Infrastructure", "src\ServicesChecker.Infrastructure\ServicesChecker.Infrastructure.csproj", "{5E6F7A8B-9C0D-1E2F-3A4B-5C6D7E8F9A0B}"
EndProject
Project("{FAE04EC0-301F-11D3-BF4B-00C04F79EFBC}") = "ServicesChecker.UI", "src\ServicesChecker.UI\ServicesChecker.UI.csproj", "{6F7A8B9C-0D1E-2F3A-4B5C-6D7E8F9A0B1C}"
EndProject
Project("{FAE04EC0-301F-11D3-BF4B-00C04F79EFBC}") = "ServicesChecker.Domain.Tests", "tests\ServicesChecker.Domain.Tests\ServicesChecker.Domain.Tests.csproj", "{6E11F1B8-35C5-4E99-8DBA-4ABDA0746AE2}"
EndProject
Project("{FAE04EC0-301F-11D3-BF4B-00C04F79EFBC}") = "ServicesChecker.Application.Tests", "tests\ServicesChecker.Application.Tests\ServicesChecker.Application.Tests.csproj", "{C1AF6CB6-9343-4BA5-85BE-B4F273A25143}"
EndProject
Project("{FAE04EC0-301F-11D3-BF4B-00C04F79EFBC}") = "ServicesChecker.Infrastructure.Tests", "tests\ServicesChecker.Infrastructure.Tests\ServicesChecker.Infrastructure.Tests.csproj", "{C3C6A042-D7C8-4AAA-A11E-69890AB215AC}"
EndProject
Project("{FAE04EC0-301F-11D3-BF4B-00C04F79EFBC}") = "ServicesChecker.UI.Tests", "tests\ServicesChecker.UI.Tests\ServicesChecker.UI.Tests.csproj", "{87C80AE6-F0D4-4E95-A399-0022497A948B}"
EndProject
Global
	GlobalSection(SolutionConfigurationPlatforms) = preSolution
		Debug|Any CPU = Debug|Any CPU
		Debug|x64 = Debug|x64
		Debug|x86 = Debug|x86
		Release|Any CPU = Release|Any CPU
		Release|x64 = Release|x64
		Release|x86 = Release|x86
	EndGlobalSection
	GlobalSection(ProjectConfigurationPlatforms) = postSolution
		{3C4D5E6F-7A8B-9C0D-1E2F-3A4B5C6D7E8F}.Debug|Any CPU.ActiveCfg = Debug|Any CPU
		{3C4D5E6F-7A8B-9C0D-1E2F-3A4B5C6D7E8F}.Debug|Any CPU.Build.0 = Debug|Any CPU
		{3C4D5E6F-7A8B-9C0D-1E2F-3A4B5C6D7E8F}.Debug|x64.ActiveCfg = Debug|Any CPU
		{3C4D5E6F-7A8B-9C0D-1E2F-3A4B5C6D7E8F}.Debug|x64.Build.0 = Debug|Any CPU
		{3C4D5E6F-7A8B-9C0D-1E2F-3A4B5C6D7E8F}.Debug|x86.ActiveCfg = Debug|Any CPU
		{3C4D5E6F-7A8B-9C0D-1E2F-3A4B5C6D7E8F}.Debug|x86.Build.0 = Debug|Any CPU
		{3C4D5E6F-7A8B-9C0D-1E2F-3A4B5C6D7E8F}.Release|Any CPU.ActiveCfg = Release|Any CPU
		{3C4D5E6F-7A8B-9C0D-1E2F-3A4B5C6D7E8F}.Release|Any CPU.Build.0 = Release|Any CPU
		{3C4D5E6F-7A8B-9C0D-1E2F-3A4B5C6D7E8F}.Release|x64.ActiveCfg = Release|Any CPU
		{3C4D5E6F-7A8B-9C0D-1E2F-3A4B5C6D7E8F}.Release|x64.Build.0 = Release|Any CPU
		{3C4D5E6F-7A8B-9C0D-1E2F-3A4B5C6D7E8F}.Release|x86.ActiveCfg = Release|Any CPU
		{3C4D5E6F-7A8B-9C0D-1E2F-3A4B5C6D7E8F}.Release|x86.Build.0 = Release|Any CPU
		{4D5E6F7A-8B9C-0D1E-2F3A-4B5C6D7E8F9A}.Debug|Any CPU.ActiveCfg = Debug|Any CPU
		{4D5E6F7A-8B9C-0D1E-2F3A-4B5C6D7E8F9A}.Debug|Any CPU.Build.0 = Debug|Any CPU
		{4D5E6F7A-8B9C-0D1E-2F3A-4B5C6D7E8F9A}.Debug|x64.ActiveCfg = Debug|Any CPU
		{4D5E6F7A-8B9C-0D1E-2F3A-4B5C6D7E8F9A}.Debug|x64.Build.0 = Debug|Any CPU
		{4D5E6F7A-8B9C-0D1E-2F3A-4B5C6D7E8F9A}.Debug|x86.ActiveCfg = Debug|Any CPU
		{4D5E6F7A-8B9C-0D1E-2F3A-4B5C6D7E8F9A}.Debug|x86.Build.0 = Debug|Any CPU
		{4D5E6F7A-8B9C-0D1E-2F3A-4B5C6D7E8F9A}.Release|Any CPU.ActiveCfg = Release|Any CPU
		{4D5E6F7A-8B9C-0D1E-2F3A-4B5C6D7E8F9A}.Release|Any CPU.Build.0 = Release|Any CPU
		{4D5E6F7A-8B9C-0D1E-2F3A-4B5C6D7E8F9A}.Release|x64.ActiveCfg = Release|Any CPU
		{4D5E6F7A-8B9C-0D1E-2F3A-4B5C6D7E8F9A}.Release|x64.Build.0 = Release|Any CPU
		{4D5E6F7A-8B9C-0D1E-2F3A-4B5C6D7E8F9A}.Release|x86.ActiveCfg = Release|Any CPU
		{4D5E6F7A-8B9C-0D1E-2F3A-4B5C6D7E8F9A}.Release|x86.Build.0 = Release|Any CPU
		{5E6F7A8B-9C0D-1E2F-3A4B-5C6D7E8F9A0B}.Debug|Any CPU.ActiveCfg = Debug|Any CPU
		{5E6F7A8B-9C0D-1E2F-3A4B-5C6D7E8F9A0B}.Debug|Any CPU.Build.0 = Debug|Any CPU
		{5E6F7A8B-9C0D-1E2F-3A4B-5C6D7E8F9A0B}.Debug|x64.ActiveCfg = Debug|Any CPU
		{5E6F7A8B-9C0D-1E2F-3A4B-5C6D7E8F9A0B}.Debug|x64.Build.0 = Debug|Any CPU
		{5E6F7A8B-9C0D-1E2F-3A4B-5C6D7E8F9A0B}.Debug|x86.ActiveCfg = Debug|Any CPU
		{5E6F7A8B-9C0D-1E2F-3A4B-5C6D7E8F9A0B}.Debug|x86.Build.0 = Debug|Any CPU
		{5E6F7A8B-9C0D-1E2F-3A4B-5C6D7E8F9A0B}.Release|Any CPU.ActiveCfg = Release|Any CPU
		{5E6F7A8B-9C0D-1E2F-3A4B-5C6D7E8F9A0B}.Release|Any CPU.Build.0 = Release|Any CPU
		{5E6F7A8B-9C0D-1E2F-3A4B-5C6D7E8F9A0B}.Release|x64.ActiveCfg = Release|Any CPU
		{5E6F7A8B-9C0D-1E2F-3A4B-5C6D7E8F9A0B}.Release|x64.Build.0 = Release|Any CPU
		{5E6F7A8B-9C0D-1E2F-3A4B-5C6D7E8F9A0B}.Release|x86.ActiveCfg = Release|Any CPU
		{5E6F7A8B-9C0D-1E2F-3A4B-5C6D7E8F9A0B}.Release|x86.Build.0 = Release|Any CPU
		{6F7A8B9C-0D1E-2F3A-4B5C-6D7E8F9A0B1C}.Debug|Any CPU.ActiveCfg = Debug|Any CPU
		{6F7A8B9C-0D1E-2F3A-4B5C-6D7E8F9A0B1C}.Debug|Any CPU.Build.0 = Debug|Any CPU
		{6F7A8B9C-0D1E-2F3A-4B5C-6D7E8F9A0B1C}.Debug|x64.ActiveCfg = Debug|Any CPU
		{6F7A8B9C-0D1E-2F3A-4B5C-6D7E8F9A0B1C}.Debug|x64.Build.0 = Debug|Any CPU
		{6F7A8B9C-0D1E-2F3A-4B5C-6D7E8F9A0B1C}.Debug|x86.ActiveCfg = Debug|Any CPU
		{6F7A8B9C-0D1E-2F3A-4B5C-6D7E8F9A0B1C}.Debug|x86.Build.0 = Debug|Any CPU
		{6F7A8B9C-0D1E-2F3A-4B5C-6D7E8F9A0B1C}.Release|Any CPU.ActiveCfg = Release|Any CPU
		{6F7A8B9C-0D1E-2F3A-4B5C-6D7E8F9A0B1C}.Release|Any CPU.Build.0 = Release|Any CPU
		{6F7A8B9C-0D1E-2F3A-4B5C-6D7E8F9A0B1C}.Release|x64.ActiveCfg = Release|Any CPU
		{6F7A8B9C-0D1E-2F3A-4B5C-6D7E8F9A0B1C}.Release|x64.Build.0 = Release|Any CPU
		{6F7A8B9C-0D1E-2F3A-4B5C-6D7E8F9A0B1C}.Release|x86.ActiveCfg = Release|Any CPU
		{6F7A8B9C-0D1E-2F3A-4B5C-6D7E8F9A0B1C}.Release|x86.Build.0 = Release|Any CPU
		{6E11F1B8-35C5-4E99-8DBA-4ABDA0746AE2}.Debug|Any CPU.ActiveCfg = Debug|Any CPU
		{6E11F1B8-35C5-4E99-8DBA-4ABDA0746AE2}.Debug|Any CPU.Build.0 = Debug|Any CPU
		{6E11F1B8-35C5-4E99-8DBA-4ABDA0746AE2}.Debug|x64.ActiveCfg = Debug|Any CPU
		{6E11F1B8-35C5-4E99-8DBA-4ABDA0746AE2}.Debug|x64.Build.0 = Debug|Any CPU
		{6E11F1B8-35C5-4E99-8DBA-4ABDA0746AE2}.Debug|x86.ActiveCfg = Debug|Any CPU
		{6E11F1B8-35C5-4E99-8DBA-4ABDA0746AE2}.Debug|x86.Build.0 = Debug|Any CPU
		{6E11F1B8-35C5-4E99-8DBA-4ABDA0746AE2}.Release|Any CPU.ActiveCfg = Release|Any CPU
		{6E11F1B8-35C5-4E99-8DBA-4ABDA0746AE2}.Release|Any CPU.Build.0 = Release|Any CPU
		{6E11F1B8-35C5-4E99-8DBA-4ABDA0746AE2}.Release|x64.ActiveCfg = Release|Any CPU
		{6E11F1B8-35C5-4E99-8DBA-4ABDA0746AE2}.Release|x64.Build.0 = Release|Any CPU
		{6E11F1B8-35C5-4E99-8DBA-4ABDA0746AE2}.Release|x86.ActiveCfg = Release|Any CPU
		{6E11F1B8-35C5-4E99-8DBA-4ABDA0746AE2}.Release|x86.Build.0 = Release|Any CPU
		{C1AF6CB6-9343-4BA5-85BE-B4F273A25143}.Debug|Any CPU.ActiveCfg = Debug|Any CPU
		{C1AF6CB6-9343-4BA5-85BE-B4F273A25143}.Debug|Any CPU.Build.0 = Debug|Any CPU
		{C1AF6CB6-9343-4BA5-85BE-B4F273A25143}.Debug|x64.ActiveCfg = Debug|Any CPU
		{C1AF6CB6-9343-4BA5-85BE-B4F273A25143}.Debug|x64.Build.0 = Debug|Any CPU
		{C1AF6CB6-9343-4BA5-85BE-B4F273A25143}.Debug|x86.ActiveCfg = Debug|Any CPU
		{C1AF6CB6-9343-4BA5-85BE-B4F273A25143}.Debug|x86.Build.0 = Debug|Any CPU
		{C1AF6CB6-9343-4BA5-85BE-B4F273A25143}.Release|Any CPU.ActiveCfg = Release|Any CPU
		{C1AF6CB6-9343-4BA5-85BE-B4F273A25143}.Release|Any CPU.Build.0 = Release|Any CPU
		{C1AF6CB6-9343-4BA5-85BE-B4F273A25143}.Release|x64.ActiveCfg = Release|Any CPU
		{C1AF6CB6-9343-4BA5-85BE-B4F273A25143}.Release|x64.Build.0 = Release|Any CPU
		{C1AF6CB6-9343-4BA5-85BE-B4F273A25143}.Release|x86.ActiveCfg = Release|Any CPU
		{C1AF6CB6-9343-4BA5-85BE-B4F273A25143}.Release|x86.Build.0 = Release|Any CPU
		{C3C6A042-D7C8-4AAA-A11E-69890AB215AC}.Debug|Any CPU.ActiveCfg = Debug|Any CPU
		{C3C6A042-D7C8-4AAA-A11E-69890AB215AC}.Debug|Any CPU.Build.0 = Debug|Any CPU
		{C3C6A042-D7C8-4AAA-A11E-69890AB215AC}.Debug|x64.ActiveCfg = Debug|Any CPU
		{C3C6A042-D7C8-4AAA-A11E-69890AB215AC}.Debug|x64.Build.0 = Debug|Any CPU
		{C3C6A042-D7C8-4AAA-A11E-69890AB215AC}.Debug|x86.ActiveCfg = Debug|Any CPU
		{C3C6A042-D7C8-4AAA-A11E-69890AB215AC}.Debug|x86.Build.0 = Debug|Any CPU
		{C3C6A042-D7C8-4AAA-A11E-69890AB215AC}.Release|Any CPU.ActiveCfg = Release|Any CPU
		{C3C6A042-D7C8-4AAA-A11E-69890AB215AC}.Release|Any CPU.Build.0 = Release|Any CPU
		{C3C6A042-D7C8-4AAA-A11E-69890AB215AC}.Release|x64.ActiveCfg = Release|Any CPU
		{C3C6A042-D7C8-4AAA-A11E-69890AB215AC}.Release|x64.Build.0 = Release|Any CPU
		{C3C6A042-D7C8-4AAA-A11E-69890AB215AC}.Release|x86.ActiveCfg = Release|Any CPU
		{C3C6A042-D7C8-4AAA-A11E-69890AB215AC}.Release|x86.Build.0 = Release|Any CPU
		{87C80AE6-F0D4-4E95-A399-0022497A948B}.Debug|Any CPU.ActiveCfg = Debug|Any CPU
		{87C80AE6-F0D4-4E95-A399-0022497A948B}.Debug|Any CPU.Build.0 = Debug|Any CPU
		{87C80AE6-F0D4-4E95-A399-0022497A948B}.Debug|x64.ActiveCfg = Debug|Any CPU
		{87C80AE6-F0D4-4E95-A399-0022497A948B}.Debug|x64.Build.0 = Debug|Any CPU
		{87C80AE6-F0D4-4E95-A399-0022497A948B}.Debug|x86.ActiveCfg = Debug|Any CPU
		{87C80AE6-F0D4-4E95-A399-0022497A948B}.Debug|x86.Build.0 = Debug|Any CPU
		{87C80AE6-F0D4-4E95-A399-0022497A948B}.Release|Any CPU.ActiveCfg = Release|Any CPU
		{87C80AE6-F0D4-4E95-A399-0022497A948B}.Release|Any CPU.Build.0 = Release|Any CPU
		{87C80AE6-F0D4-4E95-A399-0022497A948B}.Release|x64.ActiveCfg = Release|Any CPU
		{87C80AE6-F0D4-4E95-A399-0022497A948B}.Release|x64.Build.0 = Release|Any CPU
		{87C80AE6-F0D4-4E95-A399-0022497A948B}.Release|x86.ActiveCfg = Release|Any CPU
		{87C80AE6-F0D4-4E95-A399-0022497A948B}.Release|x86.Build.0 = Release|Any CPU
	EndGlobalSection
	GlobalSection(SolutionProperties) = preSolution
		HideSolutionNode = FALSE
	EndGlobalSection
	GlobalSection(NestedProjects) = preSolution
		{3C4D5E6F-7A8B-9C0D-1E2F-3A4B5C6D7E8F} = {1A2B3C4D-5E6F-7A8B-9C0D-1E2F3A4B5C6D}
		{4D5E6F7A-8B9C-0D1E-2F3A-4B5C6D7E8F9A} = {1A2B3C4D-5E6F-7A8B-9C0D-1E2F3A4B5C6D}
		{5E6F7A8B-9C0D-1E2F-3A4B-5C6D7E8F9A0B} = {1A2B3C4D-5E6F-7A8B-9C0D-1E2F3A4B5C6D}
		{6F7A8B9C-0D1E-2F3A-4B5C-6D7E8F9A0B1C} = {1A2B3C4D-5E6F-7A8B-9C0D-1E2F3A4B5C6D}
		{6E11F1B8-35C5-4E99-8DBA-4ABDA0746AE2} = {2B3C4D5E-6F7A-8B9C-0D1E-2F3A4B5C6D7E}
		{C1AF6CB6-9343-4BA5-85BE-B4F273A25143} = {2B3C4D5E-6F7A-8B9C-0D1E-2F3A4B5C6D7E}
		{C3C6A042-D7C8-4AAA-A11E-69890AB215AC} = {2B3C4D5E-6F7A-8B9C-0D1E-2F3A4B5C6D7E}
		{87C80AE6-F0D4-4E95-A399-0022497A948B} = {2B3C4D5E-6F7A-8B9C-0D1E-2F3A4B5C6D7E}
	EndGlobalSection
EndGlobal
